PODS:
  - ALSimplePriorityQueue (0.1.0)

DEPENDENCIES:
  - ALSimplePriorityQueue (from `../`)

EXTERNAL SOURCES:
  ALSimplePriorityQueue:
    :path: ../

SPEC CHECKSUMS:
  ALSimplePriorityQueue: dbdb3cd5097778a6a40a1b4842747c3ee851e504

PODFILE CHECKSUM: 167f305ca37d616f5e5af963df9c30695422adeb

COCOAPODS: 1.4.0.beta.2
